// !$*UTF8*$!
{
	archiveVersion = 1;
	classes = {
	};
	objectVersion = 46;
	objects = {

/* Begin PBXBuildFile section */
		94EA18321D83134700AD0968 /* AppDelegate.swift in Sources */ = {isa = PBXBuildFile; fileRef = 94EA18311D83134700AD0968 /* AppDelegate.swift */; };
		94EA18341D83134700AD0968 /* ViewController.swift in Sources */ = {isa = PBXBuildFile; fileRef = 94EA18331D83134700AD0968 /* ViewController.swift */; };
		94EA18371D83134700AD0968 /* Main.storyboard in Resources */ = {isa = PBXBuildFile; fileRef = 94EA18351D83134700AD0968 /* Main.storyboard */; };
		94EA18391D83134700AD0968 /* Assets.xcassets in Resources */ = {isa = PBXBuildFile; fileRef = 94EA18381D83134700AD0968 /* Assets.xcassets */; };
		94EA183C1D83134700AD0968 /* LaunchScreen.storyboard in Resources */ = {isa = PBXBuildFile; fileRef = 94EA183A1D83134700AD0968 /* LaunchScreen.storyboard */; };
		94EA18481D843AA000AD0968 /* APIManager.swift in Sources */ = {isa = PBXBuildFile; fileRef = 94EA18471D843AA000AD0968 /* APIManager.swift */; };
/* End PBXBuildFile section */

/* Begin PBXFileReference section */
		94EA182E1D83134700AD0968 /* MusicVideo.app */ = {isa = PBXFileReference; explicitFileType = wrapper.application; includeInIndex = 0; path = MusicVideo.app; sourceTree = BUILT_PRODUCTS_DIR; };
		94EA18311D83134700AD0968 /* AppDelegate.swift */ = {isa = PBXFileReference; lastKnownFileType = sourcecode.swift; path = AppDelegate.swift; sourceTree = "<group>"; };
		94EA18331D83134700AD0968 /* ViewController.swift */ = {isa = PBXFileReference; lastKnownFileType = sourcecode.swift; path = ViewController.swift; sourceTree = "<group>"; };
		94EA18361D83134700AD0968 /* Base */ = {isa = PBXFileReference; lastKnownFileType = file.storyboard; name = Base; path = Base.lproj/Main.storyboard; sourceTree = "<group>"; };
		94EA18381D83134700AD0968 /* Assets.xcassets */ = {isa = PBXFileReference; lastKnownFileType = folder.assetcatalog; path = Assets.xcassets; sourceTree = "<group>"; };
		94EA183B1D83134700AD0968 /* Base */ = {isa = PBXFileReference; lastKnownFileType = file.storyboard; name = Base; path = Base.lproj/LaunchScreen.storyboard; sourceTree = "<group>"; };
		94EA183D1D83134700AD0968 /* Info.plist */ = {isa = PBXFileReference; lastKnownFileType = text.plist.xml; path = Info.plist; sourceTree = "<group>"; };
		94EA18471D843AA000AD0968 /* APIManager.swift */ = {isa = PBXFileReference; fileEncoding = 4; lastKnownFileType = sourcecode.swift; path = APIManager.swift; sourceTree = "<group>"; };
/* End PBXFileReference section */

/* Begin PBXFrameworksBuildPhase section */
		94EA182B1D83134700AD0968 /* Frameworks */ = {
			isa = PBXFrameworksBuildPhase;
			buildActionMask = 2147483647;
			files = (
			);
			runOnlyForDeploymentPostprocessing = 0;
		};
/* End PBXFrameworksBuildPhase section */

/* Begin PBXGroup section */
		94EA18251D83134700AD0968 = {
			isa = PBXGroup;
			children = (
				94EA18301D83134700AD0968 /* MusicVideo */,
				94EA182F1D83134700AD0968 /* Products */,
			);
			sourceTree = "<group>";
		};
		94EA182F1D83134700AD0968 /* Products */ = {
			isa = PBXGroup;
			children = (
				94EA182E1D83134700AD0968 /* MusicVideo.app */,
			);
			name = Products;
			sourceTree = "<group>";
		};
		94EA18301D83134700AD0968 /* MusicVideo */ = {
			isa = PBXGroup;
			children = (
				94EA18431D8315FE00AD0968 /* Model */,
				94EA18441D83160700AD0968 /* View */,
				94EA18451D83160900AD0968 /* Controller */,
				94EA18461D83160C00AD0968 /* Supporting Files */,
			);
			path = MusicVideo;
			sourceTree = "<group>";
		};
		94EA18431D8315FE00AD0968 /* Model */ = {
			isa = PBXGroup;
			children = (
				94EA18471D843AA000AD0968 /* APIManager.swift */,
			);
			name = Model;
			sourceTree = "<group>";
		};
		94EA18441D83160700AD0968 /* View */ = {
			isa = PBXGroup;
			children = (
				94EA183A1D83134700AD0968 /* LaunchScreen.storyboard */,
				94EA18351D83134700AD0968 /* Main.storyboard */,
			);
			name = View;
			sourceTree = "<group>";
		};
		94EA18451D83160900AD0968 /* Controller */ = {
			isa = PBXGroup;
			children = (
				94EA18331D83134700AD0968 /* ViewController.swift */,
			);
			name = Controller;
			sourceTree = "<group>";
		};
		94EA18461D83160C00AD0968 /* Supporting Files */ = {
			isa = PBXGroup;
			children = (
				94EA18311D83134700AD0968 /* AppDelegate.swift */,
				94EA18381D83134700AD0968 /* Assets.xcassets */,
				94EA183D1D83134700AD0968 /* Info.plist */,
			);
			name = "Supporting Files";
			sourceTree = "<group>";
		};
/* End PBXGroup section */

/* Begin PBXNativeTarget section */
		94EA182D1D83134700AD0968 /* MusicVideo */ = {
			isa = PBXNativeTarget;
			buildConfigurationList = 94EA18401D83134700AD0968 /* Build configuration list for PBXNativeTarget "MusicVideo" */;
			buildPhases = (
				94EA182A1D83134700AD0968 /* Sources */,
				94EA182B1D83134700AD0968 /* Frameworks */,
				94EA182C1D83134700AD0968 /* Resources */,
			);
			buildRules = (
			);
			dependencies = (
			);
			name = MusicVideo;
			productName = MusicVideo;
			productReference = 94EA182E1D83134700AD0968 /* MusicVideo.app */;
			productType = "com.apple.product-type.application";
		};
/* End PBXNativeTarget section */

/* Begin PBXProject section */
		94EA18261D83134700AD0968 /* Project object */ = {
			isa = PBXProject;
			attributes = {
				LastSwiftUpdateCheck = 0800;
				LastUpgradeCheck = 0800;
				ORGANIZATIONNAME = "Mitesh Soni";
				TargetAttributes = {
					94EA182D1D83134700AD0968 = {
						CreatedOnToolsVersion = 8.0;
						DevelopmentTeam = B9GM44XD79;
						ProvisioningStyle = Automatic;
					};
				};
			};
			buildConfigurationList = 94EA18291D83134700AD0968 /* Build configuration list for PBXProject "MusicVideo" */;
			compatibilityVersion = "Xcode 3.2";
			developmentRegion = English;
			hasScannedForEncodings = 0;
			knownRegions = (
				en,
				Base,
			);
			mainGroup = 94EA18251D83134700AD0968;
			productRefGroup = 94EA182F1D83134700AD0968 /* Products */;
			projectDirPath = "";
			projectRoot = "";
			targets = (
				94EA182D1D83134700AD0968 /* MusicVideo */,
			);
		};
/* End PBXProject section */

/* Begin PBXResourcesBuildPhase section */
		94EA182C1D83134700AD0968 /* Resources */ = {
			isa = PBXResourcesBuildPhase;
			buildActionMask = 2147483647;
			files = (
				94EA183C1D83134700AD0968 /* LaunchScreen.storyboard in Resources */,
				94EA18391D83134700AD0968 /* Assets.xcassets in Resources */,
				94EA18371D83134700AD0968 /* Main.storyboard in Resources */,
			);
			runOnlyForDeploymentPostprocessing = 0;
		};
/* End PBXResourcesBuildPhase section */

/* Begin PBXSourcesBuildPhase section */
		94EA182A1D83134700AD0968 /* Sources */ = {
			isa = PBXSourcesBuildPhase;
			buildActionMask = 2147483647;
			files = (
				94EA18481D843AA000AD0968 /* APIManager.swift in Sources */,
				94EA18341D83134700AD0968 /* ViewController.swift in Sources */,
				94EA18321D83134700AD0968 /* AppDelegate.swift in Sources */,
			);
			runOnlyForDeploymentPostprocessing = 0;
		};
/* End PBXSourcesBuildPhase section */

/* Begin PBXVariantGroup section */
		94EA18351D83134700AD0968 /* Main.storyboard */ = {
			isa = PBXVariantGroup;
			children = (
				94EA18361D83134700AD0968 /* Base */,
			);
			name = Main.storyboard;
			sourceTree = "<group>";
		};
		94EA183A1D83134700AD0968 /* LaunchScreen.storyboard */ = {
			isa = PBXVariantGroup;
			children = (
				94EA183B1D83134700AD0968 /* Base */,
			);
			name = LaunchScreen.storyboard;
			sourceTree = "<group>";
		};
/* End PBXVariantGroup section */

/* Begin XCBuildConfiguration section */
		94EA183E1D83134700AD0968 /* Debug */ = {
			isa = XCBuildConfiguration;
			buildSettings = {
				ALWAYS_SEARCH_USER_PATHS = NO;
				CLANG_ANALYZER_NONNULL = YES;
				CLANG_CXX_LANGUAGE_STANDARD = "gnu++0x";
				CLANG_CXX_LIBRARY = "libc++";
				CLANG_ENABLE_MODULES = YES;
				CLANG_ENABLE_OBJC_ARC = YES;
				CLANG_WARN_BOOL_CONVERSION = YES;
				CLANG_WARN_CONSTANT_CONVERSION = YES;
				CLANG_WARN_DIRECT_OBJC_ISA_USAGE = YES_ERROR;
				CLANG_WARN_DOCUMENTATION_COMMENTS = YES;
				CLANG_WARN_EMPTY_BODY = YES;
				CLANG_WARN_ENUM_CONVERSION = YES;
				CLANG_WARN_INFINITE_RECURSION = YES;
				CLANG_WARN_INT_CONVERSION = YES;
				CLANG_WARN_OBJC_ROOT_CLASS = YES_ERROR;
				CLANG_WARN_SUSPICIOUS_MOVES = YES;
				CLANG_WARN_UNREACHABLE_CODE = YES;
				CLANG_WARN__DUPLICATE_METHOD_MATCH = YES;
				"CODE_SIGN_IDENTITY[sdk=iphoneos*]" = "iPhone Developer";
				COPY_PHASE_STRIP = NO;
				DEBUG_INFORMATION_FORMAT = dwarf;
				ENABLE_STRICT_OBJC_MSGSEND = YES;
				ENABLE_TESTABILITY = YES;
				GCC_C_LANGUAGE_STANDARD = gnu99;
				GCC_DYNAMIC_NO_PIC = NO;
				GCC_NO_COMMON_BLOCKS = YES;
				GCC_OPTIMIZATION_LEVEL = 0;
				GCC_PREPROCESSOR_DEFINITIONS = (
					"DEBUG=1",
					"$(inherited)",
				);
				GCC_WARN_64_TO_32_BIT_CONVERSION = YES;
				GCC_WARN_ABOUT_RETURN_TYPE = YES_ERROR;
				GCC_WARN_UNDECLARED_SELECTOR = YES;
				GCC_WARN_UNINITIALIZED_AUTOS = YES_AGGRESSIVE;
				GCC_WARN_UNUSED_FUNCTION = YES;
				GCC_WARN_UNUSED_VARIABLE = YES;
				IPHONEOS_DEPLOYMENT_TARGET = 10.0;
				MTL_ENABLE_DEBUG_INFO = YES;
				ONLY_ACTIVE_ARCH = YES;
				SDKROOT = iphoneos;
				SWIFT_ACTIVE_COMPILATION_CONDITIONS = DEBUG;
				SWIFT_OPTIMIZATION_LEVEL = "-Onone";
				TARGETED_DEVICE_FAMILY = "1,2";
			};
			name = Debug;
		};
		94EA183F1D83134700AD0968 /* Release */ = {
			isa = XCBuildConfiguration;
			buildSettings = {
				ALWAYS_SEARCH_USER_PATHS = NO;
				CLANG_ANALYZER_NONNULL = YES;
				CLANG_CXX_LANGUAGE_STANDARD = "gnu++0x";
				CLANG_CXX_LIBRARY = "libc++";
				CLANG_ENABLE_MODULES = YES;
				CLANG_ENABLE_OBJC_ARC = YES;
				CLANG_WARN_BOOL_CONVERSION = YES;
				CLANG_WARN_CONSTANT_CONVERSION = YES;
				CLANG_WARN_DIRECT_OBJC_ISA_USAGE = YES_ERROR;
				CLANG_WARN_DOCUMENTATION_COMMENTS = YES;
				CLANG_WARN_EMPTY_BODY = YES;
				CLANG_WARN_ENUM_CONVERSION = YES;
				CLANG_WARN_INFINITE_RECURSION = YES;
				CLANG_WARN_INT_CONVERSION = YES;
				CLANG_WARN_OBJC_ROOT_CLASS = YES_ERROR;
				CLANG_WARN_SUSPICIOUS_MOVES = YES;
				CLANG_WARN_UNREACHABLE_CODE = YES;
				CLANG_WARN__DUPLICATE_METHOD_MATCH = YES;
				"CODE_SIGN_IDENTITY[sdk=iphoneos*]" = "iPhone Developer";
				COPY_PHASE_STRIP = NO;
				DEBUG_INFORMATION_FORMAT = "dwarf-with-dsym";
				ENABLE_NS_ASSERTIONS = NO;
				ENABLE_STRICT_OBJC_MSGSEND = YES;
				GCC_C_LANGUAGE_STANDARD = gnu99;
				GCC_NO_COMMON_BLOCKS = YES;
				GCC_WARN_64_TO_32_BIT_CONVERSION = YES;
				GCC_WARN_ABOUT_RETURN_TYPE = YES_ERROR;
				GCC_WARN_UNDECLARED_SELECTOR = YES;
				GCC_WARN_UNINITIALIZED_AUTOS = YES_AGGRESSIVE;
				GCC_WARN_UNUSED_FUNCTION = YES;
				GCC_WARN_UNUSED_VARIABLE = YES;
				IPHONEOS_DEPLOYMENT_TARGET = 10.0;
				MTL_ENABLE_DEBUG_INFO = NO;
				SDKROOT = iphoneos;
				SWIFT_OPTIMIZATION_LEVEL = "-Owholemodule";
				TARGETED_DEVICE_FAMILY = "1,2";
				VALIDATE_PRODUCT = YES;
			};
			name = Release;
		};
		94EA18411D83134700AD0968 /* Debug */ = {
			isa = XCBuildConfiguration;
			buildSettings = {
				ASSETCATALOG_COMPILER_APPICON_NAME = AppIcon;
				DEVELOPMENT_TEAM = B9GM44XD79;
				INFOPLIST_FILE = MusicVideo/Info.plist;
				LD_RUNPATH_SEARCH_PATHS = "$(inherited) @executable_path/Frameworks";
				PRODUCT_BUNDLE_IDENTIFIER = com.miteshsoni.MusicVideo;
				PRODUCT_NAME = "$(TARGET_NAME)";
				SWIFT_VERSION = 2.3;
				"SWIFT_VERSION[arch=*]" = 2.3;
			};
			name = Debug;
		};
		94EA18421D83134700AD0968 /* Release */ = {
			isa = XCBuildConfiguration;
			buildSettings = {
				ASSETCATALOG_COMPILER_APPICON_NAME = AppIcon;
				DEVELOPMENT_TEAM = B9GM44XD79;
				INFOPLIST_FILE = MusicVideo/Info.plist;
				LD_RUNPATH_SEARCH_PATHS = "$(inherited) @executable_path/Frameworks";
				PRODUCT_BUNDLE_IDENTIFIER = com.miteshsoni.MusicVideo;
				PRODUCT_NAME = "$(TARGET_NAME)";
				SWIFT_VERSION = 2.3;
				"SWIFT_VERSION[arch=*]" = 2.3;
			};
			name = Release;
		};
/* End XCBuildConfiguration section */

/* Begin XCConfigurationList section */
		94EA18291D83134700AD0968 /* Build configuration list for PBXProject "MusicVideo" */ = {
			isa = XCConfigurationList;
			buildConfigurations = (
				94EA183E1D83134700AD0968 /* Debug */,
				94EA183F1D83134700AD0968 /* Release */,
			);
			defaultConfigurationIsVisible = 0;
			defaultConfigurationName = Release;
		};
		94EA18401D83134700AD0968 /* Build configuration list for PBXNativeTarget "MusicVideo" */ = {
			isa = XCConfigurationList;
			buildConfigurations = (
				94EA18411D83134700AD0968 /* Debug */,
				94EA18421D83134700AD0968 /* Release */,
			);
			defaultConfigurationIsVisible = 0;
			defaultConfigurationName = Release;
		};
/* End XCConfigurationList section */
	};
	rootObject = 94EA18261D83134700AD0968 /* Project object */;
}
